{
  "name": "@lhvision/vscode-settings",
  "version": "1.0.1",
  "lockfileVersion": 3,
  "requires": true,
  "packages": {
    "": {
      "name": "@lhvision/vscode-settings",
      "version": "1.0.1",
      "license": "MIT",
      "bin": {
        "vscode-settings": "index.js"
      },
      "engines": {
        "node": ">=18.0.0"
      }
    }
  }
}
